
Microsoft Visual Studio Solution File, Format Version 12.00
# Visual Studio Version 17
VisualStudioVersion = 17.2.32630.192
MinimumVisualStudioVersion = 10.0.40219.1
Project("{9A19103F-16F7-4668-BE54-9A1E7A4F7556}") = "Abstract class", "Abstract class\Abstract class.csproj", "{06A7BECD-A7BD-468A-89B4-65E8D7A279EE}"
EndProject
Project("{9A19103F-16F7-4668-BE54-9A1E7A4F7556}") = "abstractclass", "..\abstractclass\abstractclass\abstractclass.csproj", "{88B914BD-2EA4-43F3-BE0A-B619752B8D22}"
EndProject
Project("{FAE04EC0-301F-11D3-BF4B-00C04F79EFBC}") = "ConsoleApp1", "ConsoleApp1\ConsoleApp1.csproj", "{C2C1A2EE-8AB1-47C3-9975-594886B26AA4}"
EndProject
Global
	GlobalSection(SolutionConfigurationPlatforms) = preSolution
		Debug|Any CPU = Debug|Any CPU
		Release|Any CPU = Release|Any CPU
	EndGlobalSection
	GlobalSection(ProjectConfigurationPlatforms) = postSolution
		{06A7BECD-A7BD-468A-89B4-65E8D7A279EE}.Debug|Any CPU.ActiveCfg = Debug|Any CPU
		{06A7BECD-A7BD-468A-89B4-65E8D7A279EE}.Debug|Any CPU.Build.0 = Debug|Any CPU
		{06A7BECD-A7BD-468A-89B4-65E8D7A279EE}.Release|Any CPU.ActiveCfg = Release|Any CPU
		{06A7BECD-A7BD-468A-89B4-65E8D7A279EE}.Release|Any CPU.Build.0 = Release|Any CPU
		{88B914BD-2EA4-43F3-BE0A-B619752B8D22}.Debug|Any CPU.ActiveCfg = Debug|Any CPU
		{88B914BD-2EA4-43F3-BE0A-B619752B8D22}.Debug|Any CPU.Build.0 = Debug|Any CPU
		{88B914BD-2EA4-43F3-BE0A-B619752B8D22}.Release|Any CPU.ActiveCfg = Release|Any CPU
		{88B914BD-2EA4-43F3-BE0A-B619752B8D22}.Release|Any CPU.Build.0 = Release|Any CPU
		{C2C1A2EE-8AB1-47C3-9975-594886B26AA4}.Debug|Any CPU.ActiveCfg = Debug|Any CPU
		{C2C1A2EE-8AB1-47C3-9975-594886B26AA4}.Debug|Any CPU.Build.0 = Debug|Any CPU
		{C2C1A2EE-8AB1-47C3-9975-594886B26AA4}.Release|Any CPU.ActiveCfg = Release|Any CPU
		{C2C1A2EE-8AB1-47C3-9975-594886B26AA4}.Release|Any CPU.Build.0 = Release|Any CPU
	EndGlobalSection
	GlobalSection(SolutionProperties) = preSolution
		HideSolutionNode = FALSE
	EndGlobalSection
	GlobalSection(ExtensibilityGlobals) = postSolution
		SolutionGuid = {79ABB8BB-8CA7-4FCC-92E3-8F115664009F}
	EndGlobalSection
EndGlobal
