
Microsoft Visual Studio Solution File, Format Version 12.00
# Visual Studio Version 17
VisualStudioVersion = 17.2.32630.192
MinimumVisualStudioVersion = 10.0.40219.1
Project("{FAE04EC0-301F-11D3-BF4B-00C04F79EFBC}") = "patterns4", "patterns4\patterns4.csproj", "{7314117F-84B3-4D1F-99A3-FA76AF12E499}"
EndProject
Global
	GlobalSection(SolutionConfigurationPlatforms) = preSolution
		Debug|Any CPU = Debug|Any CPU
		Release|Any CPU = Release|Any CPU
	EndGlobalSection
	GlobalSection(ProjectConfigurationPlatforms) = postSolution
		{7314117F-84B3-4D1F-99A3-FA76AF12E499}.Debug|Any CPU.ActiveCfg = Debug|Any CPU
		{7314117F-84B3-4D1F-99A3-FA76AF12E499}.Debug|Any CPU.Build.0 = Debug|Any CPU
		{7314117F-84B3-4D1F-99A3-FA76AF12E499}.Release|Any CPU.ActiveCfg = Release|Any CPU
		{7314117F-84B3-4D1F-99A3-FA76AF12E499}.Release|Any CPU.Build.0 = Release|Any CPU
	EndGlobalSection
	GlobalSection(SolutionProperties) = preSolution
		HideSolutionNode = FALSE
	EndGlobalSection
	GlobalSection(ExtensibilityGlobals) = postSolution
		SolutionGuid = {439BB94E-8B55-4516-877E-171C16AA6655}
	EndGlobalSection
EndGlobal
